
Microsoft Visual Studio Solution File, Format Version 12.00
# Visual Studio 15
VisualStudioVersion = 15.0.28307.902
MinimumVisualStudioVersion = 10.0.40219.1
Project("{FAE04EC0-301F-11D3-BF4B-00C04F79EFBC}") = "LabAsyncAwait", "LabAsyncAwait\LabAsyncAwait.csproj", "{387E5AB9-9384-4328-9C8D-F6F785F0CE12}"
EndProject
Global
	GlobalSection(SolutionConfigurationPlatforms) = preSolution
		Debug|Any CPU = Debug|Any CPU
		Release|Any CPU = Release|Any CPU
	EndGlobalSection
	GlobalSection(ProjectConfigurationPlatforms) = postSolution
		{387E5AB9-9384-4328-9C8D-F6F785F0CE12}.Debug|Any CPU.ActiveCfg = Debug|Any CPU
		{387E5AB9-9384-4328-9C8D-F6F785F0CE12}.Debug|Any CPU.Build.0 = Debug|Any CPU
		{387E5AB9-9384-4328-9C8D-F6F785F0CE12}.Release|Any CPU.ActiveCfg = Release|Any CPU
		{387E5AB9-9384-4328-9C8D-F6F785F0CE12}.Release|Any CPU.Build.0 = Release|Any CPU
	EndGlobalSection
	GlobalSection(SolutionProperties) = preSolution
		HideSolutionNode = FALSE
	EndGlobalSection
	GlobalSection(ExtensibilityGlobals) = postSolution
		SolutionGuid = {59796856-B5B4-4A44-8C6F-29DA8F67E0C2}
	EndGlobalSection
EndGlobal
