
Microsoft Visual Studio Solution File, Format Version 12.00
# Visual Studio Version 16
VisualStudioVersion = 16.0.29721.120
MinimumVisualStudioVersion = 10.0.40219.1
Project("{FAE04EC0-301F-11D3-BF4B-00C04F79EFBC}") = "labSender", "labSender\labSender.csproj", "{0575782F-60EA-436E-80D7-2C502426F034}"
EndProject
Global
	GlobalSection(SolutionConfigurationPlatforms) = preSolution
		Debug|Any CPU = Debug|Any CPU
		Release|Any CPU = Release|Any CPU
	EndGlobalSection
	GlobalSection(ProjectConfigurationPlatforms) = postSolution
		{0575782F-60EA-436E-80D7-2C502426F034}.Debug|Any CPU.ActiveCfg = Debug|Any CPU
		{0575782F-60EA-436E-80D7-2C502426F034}.Debug|Any CPU.Build.0 = Debug|Any CPU
		{0575782F-60EA-436E-80D7-2C502426F034}.Release|Any CPU.ActiveCfg = Release|Any CPU
		{0575782F-60EA-436E-80D7-2C502426F034}.Release|Any CPU.Build.0 = Release|Any CPU
	EndGlobalSection
	GlobalSection(SolutionProperties) = preSolution
		HideSolutionNode = FALSE
	EndGlobalSection
	GlobalSection(ExtensibilityGlobals) = postSolution
		SolutionGuid = {E406F887-4F77-44D1-86C4-3783E9CBB696}
	EndGlobalSection
EndGlobal
