
Microsoft Visual Studio Solution File, Format Version 12.00
# Visual Studio 15
VisualStudioVersion = 15.0.28307.902
MinimumVisualStudioVersion = 10.0.40219.1
Project("{FAE04EC0-301F-11D3-BF4B-00C04F79EFBC}") = "Queue", "Queue\Queue.csproj", "{FD795660-7C51-4D4A-B1A0-4D87D624BB21}"
EndProject
Global
	GlobalSection(SolutionConfigurationPlatforms) = preSolution
		Debug|Any CPU = Debug|Any CPU
		Release|Any CPU = Release|Any CPU
	EndGlobalSection
	GlobalSection(ProjectConfigurationPlatforms) = postSolution
		{FD795660-7C51-4D4A-B1A0-4D87D624BB21}.Debug|Any CPU.ActiveCfg = Debug|Any CPU
		{FD795660-7C51-4D4A-B1A0-4D87D624BB21}.Debug|Any CPU.Build.0 = Debug|Any CPU
		{FD795660-7C51-4D4A-B1A0-4D87D624BB21}.Release|Any CPU.ActiveCfg = Release|Any CPU
		{FD795660-7C51-4D4A-B1A0-4D87D624BB21}.Release|Any CPU.Build.0 = Release|Any CPU
	EndGlobalSection
	GlobalSection(SolutionProperties) = preSolution
		HideSolutionNode = FALSE
	EndGlobalSection
	GlobalSection(ExtensibilityGlobals) = postSolution
		SolutionGuid = {607D86F5-AD70-4682-BEBE-624A38FE8121}
	EndGlobalSection
EndGlobal
