
Microsoft Visual Studio Solution File, Format Version 12.00
# Visual Studio Version 16
VisualStudioVersion = 16.0.29721.120
MinimumVisualStudioVersion = 10.0.40219.1
Project("{FAE04EC0-301F-11D3-BF4B-00C04F79EFBC}") = "labGif", "labGif\labGif.csproj", "{306AAE2E-FAED-4F78-8507-9D95D1955DFF}"
EndProject
Global
	GlobalSection(SolutionConfigurationPlatforms) = preSolution
		Debug|Any CPU = Debug|Any CPU
		Release|Any CPU = Release|Any CPU
	EndGlobalSection
	GlobalSection(ProjectConfigurationPlatforms) = postSolution
		{306AAE2E-FAED-4F78-8507-9D95D1955DFF}.Debug|Any CPU.ActiveCfg = Debug|Any CPU
		{306AAE2E-FAED-4F78-8507-9D95D1955DFF}.Debug|Any CPU.Build.0 = Debug|Any CPU
		{306AAE2E-FAED-4F78-8507-9D95D1955DFF}.Release|Any CPU.ActiveCfg = Release|Any CPU
		{306AAE2E-FAED-4F78-8507-9D95D1955DFF}.Release|Any CPU.Build.0 = Release|Any CPU
	EndGlobalSection
	GlobalSection(SolutionProperties) = preSolution
		HideSolutionNode = FALSE
	EndGlobalSection
	GlobalSection(ExtensibilityGlobals) = postSolution
		SolutionGuid = {B9526CE6-7B75-4132-905E-6B06A32DD163}
	EndGlobalSection
EndGlobal
