
Microsoft Visual Studio Solution File, Format Version 12.00
# Visual Studio 15
VisualStudioVersion = 15.0.28307.902
MinimumVisualStudioVersion = 10.0.40219.1
Project("{FAE04EC0-301F-11D3-BF4B-00C04F79EFBC}") = "labSqlLite", "labSqlLite\labSqlLite.csproj", "{AB15C7CF-F1BE-423F-9C20-CA261D0CF015}"
EndProject
Global
	GlobalSection(SolutionConfigurationPlatforms) = preSolution
		Debug|Any CPU = Debug|Any CPU
		Release|Any CPU = Release|Any CPU
	EndGlobalSection
	GlobalSection(ProjectConfigurationPlatforms) = postSolution
		{AB15C7CF-F1BE-423F-9C20-CA261D0CF015}.Debug|Any CPU.ActiveCfg = Debug|Any CPU
		{AB15C7CF-F1BE-423F-9C20-CA261D0CF015}.Debug|Any CPU.Build.0 = Debug|Any CPU
		{AB15C7CF-F1BE-423F-9C20-CA261D0CF015}.Release|Any CPU.ActiveCfg = Release|Any CPU
		{AB15C7CF-F1BE-423F-9C20-CA261D0CF015}.Release|Any CPU.Build.0 = Release|Any CPU
	EndGlobalSection
	GlobalSection(SolutionProperties) = preSolution
		HideSolutionNode = FALSE
	EndGlobalSection
	GlobalSection(ExtensibilityGlobals) = postSolution
		SolutionGuid = {05EBDFFE-AC3A-4297-9989-02C3383ABA5E}
	EndGlobalSection
EndGlobal
